// !$*UTF8*$!
{
	archiveVersion = 1;
	classes = {
	};
	objectVersion = 46;
	objects = {

/* Begin PBXBuildFile section */
		0A7264EE1E7944DF00C8E293 /* AppDelegate.swift in Sources */ = {isa = PBXBuildFile; fileRef = 0A7264ED1E7944DF00C8E293 /* AppDelegate.swift */; };
		0A7264F01E7944DF00C8E293 /* ViewController.swift in Sources */ = {isa = PBXBuildFile; fileRef = 0A7264EF1E7944DF00C8E293 /* ViewController.swift */; };
		0A7264F31E7944DF00C8E293 /* Main.storyboard in Resources */ = {isa = PBXBuildFile; fileRef = 0A7264F11E7944DF00C8E293 /* Main.storyboard */; };
		0A7264F51E7944DF00C8E293 /* Assets.xcassets in Resources */ = {isa = PBXBuildFile; fileRef = 0A7264F41E7944DF00C8E293 /* Assets.xcassets */; };
		0A7264F81E7944DF00C8E293 /* LaunchScreen.storyboard in Resources */ = {isa = PBXBuildFile; fileRef = 0A7264F61E7944DF00C8E293 /* LaunchScreen.storyboard */; };
/* End PBXBuildFile section */

/* Begin PBXFileReference section */
		0A7264EA1E7944DF00C8E293 /* LearningProject.app */ = {isa = PBXFileReference; explicitFileType = wrapper.application; includeInIndex = 0; path = LearningProject.app; sourceTree = BUILT_PRODUCTS_DIR; };
		0A7264ED1E7944DF00C8E293 /* AppDelegate.swift */ = {isa = PBXFileReference; lastKnownFileType = sourcecode.swift; path = AppDelegate.swift; sourceTree = "<group>"; };
		0A7264EF1E7944DF00C8E293 /* ViewController.swift */ = {isa = PBXFileReference; lastKnownFileType = sourcecode.swift; path = ViewController.swift; sourceTree = "<group>"; };
		0A7264F21E7944DF00C8E293 /* Base */ = {isa = PBXFileReference; lastKnownFileType = file.storyboard; name = Base; path = Base.lproj/Main.storyboard; sourceTree = "<group>"; };
		0A7264F41E7944DF00C8E293 /* Assets.xcassets */ = {isa = PBXFileReference; lastKnownFileType = folder.assetcatalog; path = Assets.xcassets; sourceTree = "<group>"; };
		0A7264F71E7944DF00C8E293 /* Base */ = {isa = PBXFileReference; lastKnownFileType = file.storyboard; name = Base; path = Base.lproj/LaunchScreen.storyboard; sourceTree = "<group>"; };
		0A7264F91E7944DF00C8E293 /* Info.plist */ = {isa = PBXFileReference; lastKnownFileType = text.plist.xml; path = Info.plist; sourceTree = "<group>"; };
/* End PBXFileReference section */

/* Begin PBXFrameworksBuildPhase section */
		0A7264E71E7944DE00C8E293 /* Frameworks */ = {
			isa = PBXFrameworksBuildPhase;
			buildActionMask = 2147483647;
			files = (
			);
			runOnlyForDeploymentPostprocessing = 0;
		};
/* End PBXFrameworksBuildPhase section */

/* Begin PBXGroup section */
		0A7264E11E7944DE00C8E293 = {
			isa = PBXGroup;
			children = (
				0A7264EC1E7944DF00C8E293 /* LearningProject */,
				0A7264EB1E7944DF00C8E293 /* Products */,
			);
			sourceTree = "<group>";
		};
		0A7264EB1E7944DF00C8E293 /* Products */ = {
			isa = PBXGroup;
			children = (
				0A7264EA1E7944DF00C8E293 /* LearningProject.app */,
			);
			name = Products;
			sourceTree = "<group>";
		};
		0A7264EC1E7944DF00C8E293 /* LearningProject */ = {
			isa = PBXGroup;
			children = (
				0A7264ED1E7944DF00C8E293 /* AppDelegate.swift */,
				0A7264EF1E7944DF00C8E293 /* ViewController.swift */,
				0A7264F11E7944DF00C8E293 /* Main.storyboard */,
				0A7264F41E7944DF00C8E293 /* Assets.xcassets */,
				0A7264F61E7944DF00C8E293 /* LaunchScreen.storyboard */,
				0A7264F91E7944DF00C8E293 /* Info.plist */,
			);
			path = LearningProject;
			sourceTree = "<group>";
		};
/* End PBXGroup section */

/* Begin PBXNativeTarget section */
		0A7264E91E7944DE00C8E293 /* LearningProject */ = {
			isa = PBXNativeTarget;
			buildConfigurationList = 0A7264FC1E7944DF00C8E293 /* Build configuration list for PBXNativeTarget "LearningProject" */;
			buildPhases = (
				0A7264E61E7944DE00C8E293 /* Sources */,
				0A7264E71E7944DE00C8E293 /* Frameworks */,
				0A7264E81E7944DE00C8E293 /* Resources */,
			);
			buildRules = (
			);
			dependencies = (
			);
			name = LearningProject;
			productName = LearningProject;
			productReference = 0A7264EA1E7944DF00C8E293 /* LearningProject.app */;
			productType = "com.apple.product-type.application";
		};
/* End PBXNativeTarget section */

/* Begin PBXProject section */
		0A7264E21E7944DE00C8E293 /* Project object */ = {
			isa = PBXProject;
			attributes = {
				LastSwiftUpdateCheck = 0820;
				LastUpgradeCheck = 0820;
				ORGANIZATIONNAME = ABC;
				TargetAttributes = {
					0A7264E91E7944DE00C8E293 = {
						CreatedOnToolsVersion = 8.2.1;
						DevelopmentTeam = JRAMBAKZPX;
						ProvisioningStyle = Automatic;
					};
				};
			};
			buildConfigurationList = 0A7264E51E7944DE00C8E293 /* Build configuration list for PBXProject "LearningProject" */;
			compatibilityVersion = "Xcode 3.2";
			developmentRegion = English;
			hasScannedForEncodings = 0;
			knownRegions = (
				en,
				Base,
			);
			mainGroup = 0A7264E11E7944DE00C8E293;
			productRefGroup = 0A7264EB1E7944DF00C8E293 /* Products */;
			projectDirPath = "";
			projectRoot = "";
			targets = (
				0A7264E91E7944DE00C8E293 /* LearningProject */,
			);
		};
/* End PBXProject section */

/* Begin PBXResourcesBuildPhase section */
		0A7264E81E7944DE00C8E293 /* Resources */ = {
			isa = PBXResourcesBuildPhase;
			buildActionMask = 2147483647;
			files = (
				0A7264F81E7944DF00C8E293 /* LaunchScreen.storyboard in Resources */,
				0A7264F51E7944DF00C8E293 /* Assets.xcassets in Resources */,
				0A7264F31E7944DF00C8E293 /* Main.storyboard in Resources */,
			);
			runOnlyForDeploymentPostprocessing = 0;
		};
/* End PBXResourcesBuildPhase section */

/* Begin PBXSourcesBuildPhase section */
		0A7264E61E7944DE00C8E293 /* Sources */ = {
			isa = PBXSourcesBuildPhase;
			buildActionMask = 2147483647;
			files = (
				0A7264F01E7944DF00C8E293 /* ViewController.swift in Sources */,
				0A7264EE1E7944DF00C8E293 /* AppDelegate.swift in Sources */,
			);
			runOnlyForDeploymentPostprocessing = 0;
		};
/* End PBXSourcesBuildPhase section */

/* Begin PBXVariantGroup section */
		0A7264F11E7944DF00C8E293 /* Main.storyboard */ = {
			isa = PBXVariantGroup;
			children = (
				0A7264F21E7944DF00C8E293 /* Base */,
			);
			name = Main.storyboard;
			sourceTree = "<group>";
		};
		0A7264F61E7944DF00C8E293 /* LaunchScreen.storyboard */ = {
			isa = PBXVariantGroup;
			children = (
				0A7264F71E7944DF00C8E293 /* Base */,
			);
			name = LaunchScreen.storyboard;
			sourceTree = "<group>";
		};
/* End PBXVariantGroup section */

/* Begin XCBuildConfiguration section */
		0A7264FA1E7944DF00C8E293 /* Debug */ = {
			isa = XCBuildConfiguration;
			buildSettings = {
				ALWAYS_SEARCH_USER_PATHS = NO;
				CLANG_ANALYZER_NONNULL = YES;
				CLANG_CXX_LANGUAGE_STANDARD = "gnu++0x";
				CLANG_CXX_LIBRARY = "libc++";
				CLANG_ENABLE_MODULES = YES;
				CLANG_ENABLE_OBJC_ARC = YES;
				CLANG_WARN_BOOL_CONVERSION = YES;
				CLANG_WARN_CONSTANT_CONVERSION = YES;
				CLANG_WARN_DIRECT_OBJC_ISA_USAGE = YES_ERROR;
				CLANG_WARN_DOCUMENTATION_COMMENTS = YES;
				CLANG_WARN_EMPTY_BODY = YES;
				CLANG_WARN_ENUM_CONVERSION = YES;
				CLANG_WARN_INFINITE_RECURSION = YES;
				CLANG_WARN_INT_CONVERSION = YES;
				CLANG_WARN_OBJC_ROOT_CLASS = YES_ERROR;
				CLANG_WARN_SUSPICIOUS_MOVE = YES;
				CLANG_WARN_UNREACHABLE_CODE = YES;
				CLANG_WARN__DUPLICATE_METHOD_MATCH = YES;
				"CODE_SIGN_IDENTITY[sdk=iphoneos*]" = "iPhone Developer";
				COPY_PHASE_STRIP = NO;
				DEBUG_INFORMATION_FORMAT = dwarf;
				ENABLE_STRICT_OBJC_MSGSEND = YES;
				ENABLE_TESTABILITY = YES;
				GCC_C_LANGUAGE_STANDARD = gnu99;
				GCC_DYNAMIC_NO_PIC = NO;
				GCC_NO_COMMON_BLOCKS = YES;
				GCC_OPTIMIZATION_LEVEL = 0;
				GCC_PREPROCESSOR_DEFINITIONS = (
					"DEBUG=1",
					"$(inherited)",
				);
				GCC_WARN_64_TO_32_BIT_CONVERSION = YES;
				GCC_WARN_ABOUT_RETURN_TYPE = YES_ERROR;
				GCC_WARN_UNDECLARED_SELECTOR = YES;
				GCC_WARN_UNINITIALIZED_AUTOS = YES_AGGRESSIVE;
				GCC_WARN_UNUSED_FUNCTION = YES;
				GCC_WARN_UNUSED_VARIABLE = YES;
				IPHONEOS_DEPLOYMENT_TARGET = 10.2;
				MTL_ENABLE_DEBUG_INFO = YES;
				ONLY_ACTIVE_ARCH = YES;
				SDKROOT = iphoneos;
				SWIFT_ACTIVE_COMPILATION_CONDITIONS = DEBUG;
				SWIFT_OPTIMIZATION_LEVEL = "-Onone";
			};
			name = Debug;
		};
		0A7264FB1E7944DF00C8E293 /* Release */ = {
			isa = XCBuildConfiguration;
			buildSettings = {
				ALWAYS_SEARCH_USER_PATHS = NO;
				CLANG_ANALYZER_NONNULL = YES;
				CLANG_CXX_LANGUAGE_STANDARD = "gnu++0x";
				CLANG_CXX_LIBRARY = "libc++";
				CLANG_ENABLE_MODULES = YES;
				CLANG_ENABLE_OBJC_ARC = YES;
				CLANG_WARN_BOOL_CONVERSION = YES;
				CLANG_WARN_CONSTANT_CONVERSION = YES;
				CLANG_WARN_DIRECT_OBJC_ISA_USAGE = YES_ERROR;
				CLANG_WARN_DOCUMENTATION_COMMENTS = YES;
				CLANG_WARN_EMPTY_BODY = YES;
				CLANG_WARN_ENUM_CONVERSION = YES;
				CLANG_WARN_INFINITE_RECURSION = YES;
				CLANG_WARN_INT_CONVERSION = YES;
				CLANG_WARN_OBJC_ROOT_CLASS = YES_ERROR;
				CLANG_WARN_SUSPICIOUS_MOVE = YES;
				CLANG_WARN_UNREACHABLE_CODE = YES;
				CLANG_WARN__DUPLICATE_METHOD_MATCH = YES;
				"CODE_SIGN_IDENTITY[sdk=iphoneos*]" = "iPhone Developer";
				COPY_PHASE_STRIP = NO;
				DEBUG_INFORMATION_FORMAT = "dwarf-with-dsym";
				ENABLE_NS_ASSERTIONS = NO;
				ENABLE_STRICT_OBJC_MSGSEND = YES;
				GCC_C_LANGUAGE_STANDARD = gnu99;
				GCC_NO_COMMON_BLOCKS = YES;
				GCC_WARN_64_TO_32_BIT_CONVERSION = YES;
				GCC_WARN_ABOUT_RETURN_TYPE = YES_ERROR;
				GCC_WARN_UNDECLARED_SELECTOR = YES;
				GCC_WARN_UNINITIALIZED_AUTOS = YES_AGGRESSIVE;
				GCC_WARN_UNUSED_FUNCTION = YES;
				GCC_WARN_UNUSED_VARIABLE = YES;
				IPHONEOS_DEPLOYMENT_TARGET = 10.2;
				MTL_ENABLE_DEBUG_INFO = NO;
				SDKROOT = iphoneos;
				SWIFT_OPTIMIZATION_LEVEL = "-Owholemodule";
				VALIDATE_PRODUCT = YES;
			};
			name = Release;
		};
		0A7264FD1E7944DF00C8E293 /* Debug */ = {
			isa = XCBuildConfiguration;
			buildSettings = {
				ASSETCATALOG_COMPILER_APPICON_NAME = AppIcon;
				"CODE_SIGN_IDENTITY[sdk=iphoneos*]" = "iPhone Developer";
				DEVELOPMENT_TEAM = JRAMBAKZPX;
				INFOPLIST_FILE = LearningProject/Info.plist;
				LD_RUNPATH_SEARCH_PATHS = "$(inherited) @executable_path/Frameworks";
				PRODUCT_BUNDLE_IDENTIFIER = com.abc.LearningProject;
				PRODUCT_NAME = "$(TARGET_NAME)";
				SWIFT_VERSION = 3.0;
			};
			name = Debug;
		};
		0A7264FE1E7944DF00C8E293 /* Release */ = {
			isa = XCBuildConfiguration;
			buildSettings = {
				ASSETCATALOG_COMPILER_APPICON_NAME = AppIcon;
				"CODE_SIGN_IDENTITY[sdk=iphoneos*]" = "iPhone Developer";
				DEVELOPMENT_TEAM = JRAMBAKZPX;
				INFOPLIST_FILE = LearningProject/Info.plist;
				LD_RUNPATH_SEARCH_PATHS = "$(inherited) @executable_path/Frameworks";
				PRODUCT_BUNDLE_IDENTIFIER = com.abc.LearningProject;
				PRODUCT_NAME = "$(TARGET_NAME)";
				SWIFT_VERSION = 3.0;
			};
			name = Release;
		};
/* End XCBuildConfiguration section */

/* Begin XCConfigurationList section */
		0A7264E51E7944DE00C8E293 /* Build configuration list for PBXProject "LearningProject" */ = {
			isa = XCConfigurationList;
			buildConfigurations = (
				0A7264FA1E7944DF00C8E293 /* Debug */,
				0A7264FB1E7944DF00C8E293 /* Release */,
			);
			defaultConfigurationIsVisible = 0;
			defaultConfigurationName = Release;
		};
		0A7264FC1E7944DF00C8E293 /* Build configuration list for PBXNativeTarget "LearningProject" */ = {
			isa = XCConfigurationList;
			buildConfigurations = (
				0A7264FD1E7944DF00C8E293 /* Debug */,
				0A7264FE1E7944DF00C8E293 /* Release */,
			);
			defaultConfigurationIsVisible = 0;
		};
/* End XCConfigurationList section */
	};
	rootObject = 0A7264E21E7944DE00C8E293 /* Project object */;
}
